// !$*UTF8*$!
{
	archiveVersion = 1;
	classes = {
	};
	objectVersion = 46;
	objects = {

/* Begin PBXBuildFile section */
		929A29AF1D4203B9003E185D /* main.m in Sources */ = {isa = PBXBuildFile; fileRef = 929A29AE1D4203B9003E185D /* main.m */; };
		929A29B21D4203B9003E185D /* AppDelegate.m in Sources */ = {isa = PBXBuildFile; fileRef = 929A29B11D4203B9003E185D /* AppDelegate.m */; };
		929A29B51D4203B9003E185D /* ViewController.m in Sources */ = {isa = PBXBuildFile; fileRef = 929A29B41D4203B9003E185D /* ViewController.m */; };
		929A29B81D4203B9003E185D /* Main.storyboard in Resources */ = {isa = PBXBuildFile; fileRef = 929A29B61D4203B9003E185D /* Main.storyboard */; };
		929A29BA1D4203B9003E185D /* Assets.xcassets in Resources */ = {isa = PBXBuildFile; fileRef = 929A29B91D4203B9003E185D /* Assets.xcassets */; };
		929A29BD1D4203B9003E185D /* LaunchScreen.storyboard in Resources */ = {isa = PBXBuildFile; fileRef = 929A29BB1D4203B9003E185D /* LaunchScreen.storyboard */; };
		929A29C81D4203CC003E185D /* PhotoView.m in Sources */ = {isa = PBXBuildFile; fileRef = 929A29C51D4203CC003E185D /* PhotoView.m */; };
		929A29C91D4203CC003E185D /* PhotoViewController.m in Sources */ = {isa = PBXBuildFile; fileRef = 929A29C71D4203CC003E185D /* PhotoViewController.m */; };
		929A29CB1D421737003E185D /* A.png in Resources */ = {isa = PBXBuildFile; fileRef = 929A29CA1D421737003E185D /* A.png */; };
/* End PBXBuildFile section */

/* Begin PBXFileReference section */
		929A29AA1D4203B9003E185D /* Camera.app */ = {isa = PBXFileReference; explicitFileType = wrapper.application; includeInIndex = 0; path = Camera.app; sourceTree = BUILT_PRODUCTS_DIR; };
		929A29AE1D4203B9003E185D /* main.m */ = {isa = PBXFileReference; lastKnownFileType = sourcecode.c.objc; path = main.m; sourceTree = "<group>"; };
		929A29B01D4203B9003E185D /* AppDelegate.h */ = {isa = PBXFileReference; lastKnownFileType = sourcecode.c.h; path = AppDelegate.h; sourceTree = "<group>"; };
		929A29B11D4203B9003E185D /* AppDelegate.m */ = {isa = PBXFileReference; lastKnownFileType = sourcecode.c.objc; path = AppDelegate.m; sourceTree = "<group>"; };
		929A29B31D4203B9003E185D /* ViewController.h */ = {isa = PBXFileReference; lastKnownFileType = sourcecode.c.h; path = ViewController.h; sourceTree = "<group>"; };
		929A29B41D4203B9003E185D /* ViewController.m */ = {isa = PBXFileReference; lastKnownFileType = sourcecode.c.objc; path = ViewController.m; sourceTree = "<group>"; };
		929A29B71D4203B9003E185D /* Base */ = {isa = PBXFileReference; lastKnownFileType = file.storyboard; name = Base; path = Base.lproj/Main.storyboard; sourceTree = "<group>"; };
		929A29B91D4203B9003E185D /* Assets.xcassets */ = {isa = PBXFileReference; lastKnownFileType = folder.assetcatalog; path = Assets.xcassets; sourceTree = "<group>"; };
		929A29BC1D4203B9003E185D /* Base */ = {isa = PBXFileReference; lastKnownFileType = file.storyboard; name = Base; path = Base.lproj/LaunchScreen.storyboard; sourceTree = "<group>"; };
		929A29BE1D4203B9003E185D /* Info.plist */ = {isa = PBXFileReference; lastKnownFileType = text.plist.xml; path = Info.plist; sourceTree = "<group>"; };
		929A29C41D4203CC003E185D /* PhotoView.h */ = {isa = PBXFileReference; fileEncoding = 4; lastKnownFileType = sourcecode.c.h; path = PhotoView.h; sourceTree = "<group>"; };
		929A29C51D4203CC003E185D /* PhotoView.m */ = {isa = PBXFileReference; fileEncoding = 4; lastKnownFileType = sourcecode.c.objc; path = PhotoView.m; sourceTree = "<group>"; };
		929A29C61D4203CC003E185D /* PhotoViewController.h */ = {isa = PBXFileReference; fileEncoding = 4; lastKnownFileType = sourcecode.c.h; path = PhotoViewController.h; sourceTree = "<group>"; };
		929A29C71D4203CC003E185D /* PhotoViewController.m */ = {isa = PBXFileReference; fileEncoding = 4; lastKnownFileType = sourcecode.c.objc; path = PhotoViewController.m; sourceTree = "<group>"; };
		929A29CA1D421737003E185D /* A.png */ = {isa = PBXFileReference; lastKnownFileType = image.png; path = A.png; sourceTree = "<group>"; };
/* End PBXFileReference section */

/* Begin PBXFrameworksBuildPhase section */
		929A29A71D4203B9003E185D /* Frameworks */ = {
			isa = PBXFrameworksBuildPhase;
			buildActionMask = 2147483647;
			files = (
			);
			runOnlyForDeploymentPostprocessing = 0;
		};
/* End PBXFrameworksBuildPhase section */

/* Begin PBXGroup section */
		929A29A11D4203B9003E185D = {
			isa = PBXGroup;
			children = (
				929A29AC1D4203B9003E185D /* Camera */,
				929A29AB1D4203B9003E185D /* Products */,
			);
			sourceTree = "<group>";
		};
		929A29AB1D4203B9003E185D /* Products */ = {
			isa = PBXGroup;
			children = (
				929A29AA1D4203B9003E185D /* Camera.app */,
			);
			name = Products;
			sourceTree = "<group>";
		};
		929A29AC1D4203B9003E185D /* Camera */ = {
			isa = PBXGroup;
			children = (
				929A29B01D4203B9003E185D /* AppDelegate.h */,
				929A29B11D4203B9003E185D /* AppDelegate.m */,
				929A29B31D4203B9003E185D /* ViewController.h */,
				929A29B41D4203B9003E185D /* ViewController.m */,
				929A29C41D4203CC003E185D /* PhotoView.h */,
				929A29C51D4203CC003E185D /* PhotoView.m */,
				929A29C61D4203CC003E185D /* PhotoViewController.h */,
				929A29C71D4203CC003E185D /* PhotoViewController.m */,
				929A29CA1D421737003E185D /* A.png */,
				929A29B61D4203B9003E185D /* Main.storyboard */,
				929A29B91D4203B9003E185D /* Assets.xcassets */,
				929A29BB1D4203B9003E185D /* LaunchScreen.storyboard */,
				929A29BE1D4203B9003E185D /* Info.plist */,
				929A29AD1D4203B9003E185D /* Supporting Files */,
			);
			path = Camera;
			sourceTree = "<group>";
		};
		929A29AD1D4203B9003E185D /* Supporting Files */ = {
			isa = PBXGroup;
			children = (
				929A29AE1D4203B9003E185D /* main.m */,
			);
			name = "Supporting Files";
			sourceTree = "<group>";
		};
/* End PBXGroup section */

/* Begin PBXNativeTarget section */
		929A29A91D4203B9003E185D /* Camera */ = {
			isa = PBXNativeTarget;
			buildConfigurationList = 929A29C11D4203B9003E185D /* Build configuration list for PBXNativeTarget "Camera" */;
			buildPhases = (
				929A29A61D4203B9003E185D /* Sources */,
				929A29A71D4203B9003E185D /* Frameworks */,
				929A29A81D4203B9003E185D /* Resources */,
			);
			buildRules = (
			);
			dependencies = (
			);
			name = Camera;
			productName = Camera;
			productReference = 929A29AA1D4203B9003E185D /* Camera.app */;
			productType = "com.apple.product-type.application";
		};
/* End PBXNativeTarget section */

/* Begin PBXProject section */
		929A29A21D4203B9003E185D /* Project object */ = {
			isa = PBXProject;
			attributes = {
				LastUpgradeCheck = 0800;
				ORGANIZATIONNAME = "魏唯隆";
				TargetAttributes = {
					929A29A91D4203B9003E185D = {
						CreatedOnToolsVersion = 8.0;
						DevelopmentTeam = X36P6J44B6;
						DevelopmentTeamName = "liangyun liang";
						ProvisioningStyle = Automatic;
					};
				};
			};
			buildConfigurationList = 929A29A51D4203B9003E185D /* Build configuration list for PBXProject "Camera" */;
			compatibilityVersion = "Xcode 3.2";
			developmentRegion = English;
			hasScannedForEncodings = 0;
			knownRegions = (
				en,
				Base,
			);
			mainGroup = 929A29A11D4203B9003E185D;
			productRefGroup = 929A29AB1D4203B9003E185D /* Products */;
			projectDirPath = "";
			projectRoot = "";
			targets = (
				929A29A91D4203B9003E185D /* Camera */,
			);
		};
/* End PBXProject section */

/* Begin PBXResourcesBuildPhase section */
		929A29A81D4203B9003E185D /* Resources */ = {
			isa = PBXResourcesBuildPhase;
			buildActionMask = 2147483647;
			files = (
				929A29BD1D4203B9003E185D /* LaunchScreen.storyboard in Resources */,
				929A29CB1D421737003E185D /* A.png in Resources */,
				929A29BA1D4203B9003E185D /* Assets.xcassets in Resources */,
				929A29B81D4203B9003E185D /* Main.storyboard in Resources */,
			);
			runOnlyForDeploymentPostprocessing = 0;
		};
/* End PBXResourcesBuildPhase section */

/* Begin PBXSourcesBuildPhase section */
		929A29A61D4203B9003E185D /* Sources */ = {
			isa = PBXSourcesBuildPhase;
			buildActionMask = 2147483647;
			files = (
				929A29B51D4203B9003E185D /* ViewController.m in Sources */,
				929A29B21D4203B9003E185D /* AppDelegate.m in Sources */,
				929A29AF1D4203B9003E185D /* main.m in Sources */,
				929A29C81D4203CC003E185D /* PhotoView.m in Sources */,
				929A29C91D4203CC003E185D /* PhotoViewController.m in Sources */,
			);
			runOnlyForDeploymentPostprocessing = 0;
		};
/* End PBXSourcesBuildPhase section */

/* Begin PBXVariantGroup section */
		929A29B61D4203B9003E185D /* Main.storyboard */ = {
			isa = PBXVariantGroup;
			children = (
				929A29B71D4203B9003E185D /* Base */,
			);
			name = Main.storyboard;
			sourceTree = "<group>";
		};
		929A29BB1D4203B9003E185D /* LaunchScreen.storyboard */ = {
			isa = PBXVariantGroup;
			children = (
				929A29BC1D4203B9003E185D /* Base */,
			);
			name = LaunchScreen.storyboard;
			sourceTree = "<group>";
		};
/* End PBXVariantGroup section */

/* Begin XCBuildConfiguration section */
		929A29BF1D4203B9003E185D /* Debug */ = {
			isa = XCBuildConfiguration;
			buildSettings = {
				ALWAYS_SEARCH_USER_PATHS = NO;
				CLANG_ANALYZER_NONNULL = YES;
				CLANG_CXX_LANGUAGE_STANDARD = "gnu++0x";
				CLANG_CXX_LIBRARY = "libc++";
				CLANG_ENABLE_MODULES = YES;
				CLANG_ENABLE_OBJC_ARC = YES;
				CLANG_WARN_BOOL_CONVERSION = YES;
				CLANG_WARN_CONSTANT_CONVERSION = YES;
				CLANG_WARN_DIRECT_OBJC_ISA_USAGE = YES_ERROR;
				CLANG_WARN_DOCUMENTATION_COMMENTS = YES;
				CLANG_WARN_EMPTY_BODY = YES;
				CLANG_WARN_ENUM_CONVERSION = YES;
				CLANG_WARN_INT_CONVERSION = YES;
				CLANG_WARN_OBJC_ROOT_CLASS = YES_ERROR;
				CLANG_WARN_UNREACHABLE_CODE = YES;
				CLANG_WARN__DUPLICATE_METHOD_MATCH = YES;
				"CODE_SIGN_IDENTITY[sdk=iphoneos*]" = "iPhone Developer";
				COPY_PHASE_STRIP = NO;
				DEBUG_INFORMATION_FORMAT = dwarf;
				ENABLE_STRICT_OBJC_MSGSEND = YES;
				ENABLE_TESTABILITY = YES;
				GCC_C_LANGUAGE_STANDARD = gnu99;
				GCC_DYNAMIC_NO_PIC = NO;
				GCC_NO_COMMON_BLOCKS = YES;
				GCC_OPTIMIZATION_LEVEL = 0;
				GCC_PREPROCESSOR_DEFINITIONS = (
					"DEBUG=1",
					"$(inherited)",
				);
				GCC_WARN_64_TO_32_BIT_CONVERSION = YES;
				GCC_WARN_ABOUT_RETURN_TYPE = YES_ERROR;
				GCC_WARN_UNDECLARED_SELECTOR = YES;
				GCC_WARN_UNINITIALIZED_AUTOS = YES_AGGRESSIVE;
				GCC_WARN_UNUSED_FUNCTION = YES;
				GCC_WARN_UNUSED_VARIABLE = YES;
				IPHONEOS_DEPLOYMENT_TARGET = 10.0;
				MTL_ENABLE_DEBUG_INFO = YES;
				ONLY_ACTIVE_ARCH = YES;
				SDKROOT = iphoneos;
			};
			name = Debug;
		};
		929A29C01D4203B9003E185D /* Release */ = {
			isa = XCBuildConfiguration;
			buildSettings = {
				ALWAYS_SEARCH_USER_PATHS = NO;
				CLANG_ANALYZER_NONNULL = YES;
				CLANG_CXX_LANGUAGE_STANDARD = "gnu++0x";
				CLANG_CXX_LIBRARY = "libc++";
				CLANG_ENABLE_MODULES = YES;
				CLANG_ENABLE_OBJC_ARC = YES;
				CLANG_WARN_BOOL_CONVERSION = YES;
				CLANG_WARN_CONSTANT_CONVERSION = YES;
				CLANG_WARN_DIRECT_OBJC_ISA_USAGE = YES_ERROR;
				CLANG_WARN_DOCUMENTATION_COMMENTS = YES;
				CLANG_WARN_EMPTY_BODY = YES;
				CLANG_WARN_ENUM_CONVERSION = YES;
				CLANG_WARN_INT_CONVERSION = YES;
				CLANG_WARN_OBJC_ROOT_CLASS = YES_ERROR;
				CLANG_WARN_UNREACHABLE_CODE = YES;
				CLANG_WARN__DUPLICATE_METHOD_MATCH = YES;
				"CODE_SIGN_IDENTITY[sdk=iphoneos*]" = "iPhone Developer";
				COPY_PHASE_STRIP = NO;
				DEBUG_INFORMATION_FORMAT = "dwarf-with-dsym";
				ENABLE_NS_ASSERTIONS = NO;
				ENABLE_STRICT_OBJC_MSGSEND = YES;
				GCC_C_LANGUAGE_STANDARD = gnu99;
				GCC_NO_COMMON_BLOCKS = YES;
				GCC_WARN_64_TO_32_BIT_CONVERSION = YES;
				GCC_WARN_ABOUT_RETURN_TYPE = YES_ERROR;
				GCC_WARN_UNDECLARED_SELECTOR = YES;
				GCC_WARN_UNINITIALIZED_AUTOS = YES_AGGRESSIVE;
				GCC_WARN_UNUSED_FUNCTION = YES;
				GCC_WARN_UNUSED_VARIABLE = YES;
				IPHONEOS_DEPLOYMENT_TARGET = 10.0;
				MTL_ENABLE_DEBUG_INFO = NO;
				SDKROOT = iphoneos;
				VALIDATE_PRODUCT = YES;
			};
			name = Release;
		};
		929A29C21D4203B9003E185D /* Debug */ = {
			isa = XCBuildConfiguration;
			buildSettings = {
				ASSETCATALOG_COMPILER_APPICON_NAME = AppIcon;
				INFOPLIST_FILE = Camera/Info.plist;
				LD_RUNPATH_SEARCH_PATHS = "$(inherited) @executable_path/Frameworks";
				PRODUCT_BUNDLE_IDENTIFIER = sanli.Camera;
				PRODUCT_NAME = "$(TARGET_NAME)";
			};
			name = Debug;
		};
		929A29C31D4203B9003E185D /* Release */ = {
			isa = XCBuildConfiguration;
			buildSettings = {
				ASSETCATALOG_COMPILER_APPICON_NAME = AppIcon;
				INFOPLIST_FILE = Camera/Info.plist;
				LD_RUNPATH_SEARCH_PATHS = "$(inherited) @executable_path/Frameworks";
				PRODUCT_BUNDLE_IDENTIFIER = sanli.Camera;
				PRODUCT_NAME = "$(TARGET_NAME)";
			};
			name = Release;
		};
/* End XCBuildConfiguration section */

/* Begin XCConfigurationList section */
		929A29A51D4203B9003E185D /* Build configuration list for PBXProject "Camera" */ = {
			isa = XCConfigurationList;
			buildConfigurations = (
				929A29BF1D4203B9003E185D /* Debug */,
				929A29C01D4203B9003E185D /* Release */,
			);
			defaultConfigurationIsVisible = 0;
			defaultConfigurationName = Release;
		};
		929A29C11D4203B9003E185D /* Build configuration list for PBXNativeTarget "Camera" */ = {
			isa = XCConfigurationList;
			buildConfigurations = (
				929A29C21D4203B9003E185D /* Debug */,
				929A29C31D4203B9003E185D /* Release */,
			);
			defaultConfigurationIsVisible = 0;
		};
/* End XCConfigurationList section */
	};
	rootObject = 929A29A21D4203B9003E185D /* Project object */;
}
